// !$*UTF8*$!
{
	archiveVersion = 1;
	classes = {
	};
	objectVersion = 56;
	objects = {

/* Begin PBXBuildFile section */
		D51AC8602B8A43AA00F6D3FB /* PresetsView.swift in Sources */ = {isa = PBXBuildFile; fileRef = D51AC85F2B8A43AA00F6D3FB /* PresetsView.swift */; };
		D51AC8662B8A45FE00F6D3FB /* PresetsModel.swift in Sources */ = {isa = PBXBuildFile; fileRef = D51AC8652B8A45FE00F6D3FB /* PresetsModel.swift */; };
		D51AC8692B8A463200F6D3FB /* ViewExtension.swift in Sources */ = {isa = PBXBuildFile; fileRef = D51AC8682B8A463200F6D3FB /* ViewExtension.swift */; };
		D51AC86F2B8A494000F6D3FB /* ImagePickerView.swift in Sources */ = {isa = PBXBuildFile; fileRef = D51AC86E2B8A494000F6D3FB /* ImagePickerView.swift */; };
		D51AC8722B8A496800F6D3FB /* CollageSection.swift in Sources */ = {isa = PBXBuildFile; fileRef = D51AC8712B8A496800F6D3FB /* CollageSection.swift */; };
		D51AC8752B8A4FAB00F6D3FB /* CustomClipShape.swift in Sources */ = {isa = PBXBuildFile; fileRef = D51AC8742B8A4FAB00F6D3FB /* CustomClipShape.swift */; };
		D51AC8772B8A4FCE00F6D3FB /* ImagePicker.swift in Sources */ = {isa = PBXBuildFile; fileRef = D51AC8762B8A4FCE00F6D3FB /* ImagePicker.swift */; };
		D51AC8792B8A6AD000F6D3FB /* Constants.swift in Sources */ = {isa = PBXBuildFile; fileRef = D51AC8782B8A6AD000F6D3FB /* Constants.swift */; };
		D51AC87C2B8A725D00F6D3FB /* ImagePickerVM.swift in Sources */ = {isa = PBXBuildFile; fileRef = D51AC87B2B8A725D00F6D3FB /* ImagePickerVM.swift */; };
		D51AC87F2B8A8EA900F6D3FB /* ImageEditingView.swift in Sources */ = {isa = PBXBuildFile; fileRef = D51AC87E2B8A8EA900F6D3FB /* ImageEditingView.swift */; };
		D51AC8812B8BEB9A00F6D3FB /* ImageEditingViewModel.swift in Sources */ = {isa = PBXBuildFile; fileRef = D51AC8802B8BEB9A00F6D3FB /* ImageEditingViewModel.swift */; };
		D594B1632B88D64900C11067 /* BeyondsAppApp.swift in Sources */ = {isa = PBXBuildFile; fileRef = D594B1622B88D64900C11067 /* BeyondsAppApp.swift */; };
		D594B1652B88D64900C11067 /* ContentView.swift in Sources */ = {isa = PBXBuildFile; fileRef = D594B1642B88D64900C11067 /* ContentView.swift */; };
		D594B1672B88D64C00C11067 /* Assets.xcassets in Resources */ = {isa = PBXBuildFile; fileRef = D594B1662B88D64C00C11067 /* Assets.xcassets */; };
		D594B16A2B88D64C00C11067 /* Preview Assets.xcassets in Resources */ = {isa = PBXBuildFile; fileRef = D594B1692B88D64C00C11067 /* Preview Assets.xcassets */; };
		D594B17C2B89D9C400C11067 /* Shaders.metal in Sources */ = {isa = PBXBuildFile; fileRef = D594B17B2B89D9C400C11067 /* Shaders.metal */; };
/* End PBXBuildFile section */

/* Begin PBXFileReference section */
		D51AC85F2B8A43AA00F6D3FB /* PresetsView.swift */ = {isa = PBXFileReference; lastKnownFileType = sourcecode.swift; path = PresetsView.swift; sourceTree = "<group>"; };
		D51AC8652B8A45FE00F6D3FB /* PresetsModel.swift */ = {isa = PBXFileReference; lastKnownFileType = sourcecode.swift; path = PresetsModel.swift; sourceTree = "<group>"; };
		D51AC8682B8A463200F6D3FB /* ViewExtension.swift */ = {isa = PBXFileReference; lastKnownFileType = sourcecode.swift; path = ViewExtension.swift; sourceTree = "<group>"; };
		D51AC86E2B8A494000F6D3FB /* ImagePickerView.swift */ = {isa = PBXFileReference; lastKnownFileType = sourcecode.swift; path = ImagePickerView.swift; sourceTree = "<group>"; };
		D51AC8712B8A496800F6D3FB /* CollageSection.swift */ = {isa = PBXFileReference; lastKnownFileType = sourcecode.swift; path = CollageSection.swift; sourceTree = "<group>"; };
		D51AC8742B8A4FAB00F6D3FB /* CustomClipShape.swift */ = {isa = PBXFileReference; lastKnownFileType = sourcecode.swift; path = CustomClipShape.swift; sourceTree = "<group>"; };
		D51AC8762B8A4FCE00F6D3FB /* ImagePicker.swift */ = {isa = PBXFileReference; lastKnownFileType = sourcecode.swift; path = ImagePicker.swift; sourceTree = "<group>"; };
		D51AC8782B8A6AD000F6D3FB /* Constants.swift */ = {isa = PBXFileReference; lastKnownFileType = sourcecode.swift; path = Constants.swift; sourceTree = "<group>"; };
		D51AC87B2B8A725D00F6D3FB /* ImagePickerVM.swift */ = {isa = PBXFileReference; lastKnownFileType = sourcecode.swift; path = ImagePickerVM.swift; sourceTree = "<group>"; };
		D51AC87E2B8A8EA900F6D3FB /* ImageEditingView.swift */ = {isa = PBXFileReference; lastKnownFileType = sourcecode.swift; path = ImageEditingView.swift; sourceTree = "<group>"; };
		D51AC8802B8BEB9A00F6D3FB /* ImageEditingViewModel.swift */ = {isa = PBXFileReference; lastKnownFileType = sourcecode.swift; path = ImageEditingViewModel.swift; sourceTree = "<group>"; };
		D594B15F2B88D64900C11067 /* BeyondsApp.app */ = {isa = PBXFileReference; explicitFileType = wrapper.application; includeInIndex = 0; path = BeyondsApp.app; sourceTree = BUILT_PRODUCTS_DIR; };
		D594B1622B88D64900C11067 /* BeyondsAppApp.swift */ = {isa = PBXFileReference; lastKnownFileType = sourcecode.swift; path = BeyondsAppApp.swift; sourceTree = "<group>"; };
		D594B1642B88D64900C11067 /* ContentView.swift */ = {isa = PBXFileReference; lastKnownFileType = sourcecode.swift; path = ContentView.swift; sourceTree = "<group>"; };
		D594B1662B88D64C00C11067 /* Assets.xcassets */ = {isa = PBXFileReference; lastKnownFileType = folder.assetcatalog; path = Assets.xcassets; sourceTree = "<group>"; };
		D594B1692B88D64C00C11067 /* Preview Assets.xcassets */ = {isa = PBXFileReference; lastKnownFileType = folder.assetcatalog; path = "Preview Assets.xcassets"; sourceTree = "<group>"; };
		D594B17B2B89D9C400C11067 /* Shaders.metal */ = {isa = PBXFileReference; lastKnownFileType = sourcecode.metal; path = Shaders.metal; sourceTree = "<group>"; };
/* End PBXFileReference section */

/* Begin PBXFrameworksBuildPhase section */
		D594B15C2B88D64900C11067 /* Frameworks */ = {
			isa = PBXFrameworksBuildPhase;
			buildActionMask = 2147483647;
			files = (
			);
			runOnlyForDeploymentPostprocessing = 0;
		};
/* End PBXFrameworksBuildPhase section */

/* Begin PBXGroup section */
		D51AC85E2B8A439900F6D3FB /* Views */ = {
			isa = PBXGroup;
			children = (
				D51AC85F2B8A43AA00F6D3FB /* PresetsView.swift */,
			);
			path = Views;
			sourceTree = "<group>";
		};
		D51AC8642B8A45DC00F6D3FB /* Model */ = {
			isa = PBXGroup;
			children = (
				D51AC8652B8A45FE00F6D3FB /* PresetsModel.swift */,
			);
			path = Model;
			sourceTree = "<group>";
		};
		D51AC8672B8A462000F6D3FB /* Extensions */ = {
			isa = PBXGroup;
			children = (
				D51AC8682B8A463200F6D3FB /* ViewExtension.swift */,
			);
			path = Extensions;
			sourceTree = "<group>";
		};
		D51AC86A2B8A48F700F6D3FB /* Collage */ = {
			isa = PBXGroup;
			children = (
				D51AC87A2B8A724D00F6D3FB /* ViewModel */,
				D51AC8702B8A495800F6D3FB /* Utilities */,
				D51AC86D2B8A491C00F6D3FB /* Views */,
				D51AC8782B8A6AD000F6D3FB /* Constants.swift */,
			);
			path = Collage;
			sourceTree = "<group>";
		};
		D51AC86D2B8A491C00F6D3FB /* Views */ = {
			isa = PBXGroup;
			children = (
				D51AC86E2B8A494000F6D3FB /* ImagePickerView.swift */,
			);
			path = Views;
			sourceTree = "<group>";
		};
		D51AC8702B8A495800F6D3FB /* Utilities */ = {
			isa = PBXGroup;
			children = (
				D51AC8712B8A496800F6D3FB /* CollageSection.swift */,
				D51AC8742B8A4FAB00F6D3FB /* CustomClipShape.swift */,
				D51AC8762B8A4FCE00F6D3FB /* ImagePicker.swift */,
			);
			path = Utilities;
			sourceTree = "<group>";
		};
		D51AC87A2B8A724D00F6D3FB /* ViewModel */ = {
			isa = PBXGroup;
			children = (
				D51AC87B2B8A725D00F6D3FB /* ImagePickerVM.swift */,
			);
			path = ViewModel;
			sourceTree = "<group>";
		};
		D51AC87D2B8A8E8B00F6D3FB /* WhatsappEditing */ = {
			isa = PBXGroup;
			children = (
				D51AC87E2B8A8EA900F6D3FB /* ImageEditingView.swift */,
				D51AC8802B8BEB9A00F6D3FB /* ImageEditingViewModel.swift */,
			);
			path = WhatsappEditing;
			sourceTree = "<group>";
		};
		D594B1562B88D64900C11067 = {
			isa = PBXGroup;
			children = (
				D594B1612B88D64900C11067 /* BeyondsApp */,
				D594B1602B88D64900C11067 /* Products */,
			);
			sourceTree = "<group>";
		};
		D594B1602B88D64900C11067 /* Products */ = {
			isa = PBXGroup;
			children = (
				D594B15F2B88D64900C11067 /* BeyondsApp.app */,
			);
			name = Products;
			sourceTree = "<group>";
		};
		D594B1612B88D64900C11067 /* BeyondsApp */ = {
			isa = PBXGroup;
			children = (
				D51AC87D2B8A8E8B00F6D3FB /* WhatsappEditing */,
				D51AC86A2B8A48F700F6D3FB /* Collage */,
				D594B1782B88D9DA00C11067 /* Shaders */,
				D594B1622B88D64900C11067 /* BeyondsAppApp.swift */,
				D594B1642B88D64900C11067 /* ContentView.swift */,
				D594B1662B88D64C00C11067 /* Assets.xcassets */,
				D594B1682B88D64C00C11067 /* Preview Content */,
			);
			path = BeyondsApp;
			sourceTree = "<group>";
		};
		D594B1682B88D64C00C11067 /* Preview Content */ = {
			isa = PBXGroup;
			children = (
				D594B1692B88D64C00C11067 /* Preview Assets.xcassets */,
			);
			path = "Preview Content";
			sourceTree = "<group>";
		};
		D594B1782B88D9DA00C11067 /* Shaders */ = {
			isa = PBXGroup;
			children = (
				D51AC8672B8A462000F6D3FB /* Extensions */,
				D51AC8642B8A45DC00F6D3FB /* Model */,
				D51AC85E2B8A439900F6D3FB /* Views */,
				D594B17A2B89D94D00C11067 /* CustomShaders */,
			);
			path = Shaders;
			sourceTree = "<group>";
		};
		D594B17A2B89D94D00C11067 /* CustomShaders */ = {
			isa = PBXGroup;
			children = (
				D594B17B2B89D9C400C11067 /* Shaders.metal */,
			);
			path = CustomShaders;
			sourceTree = "<group>";
		};
/* End PBXGroup section */

/* Begin PBXNativeTarget section */
		D594B15E2B88D64900C11067 /* BeyondsApp */ = {
			isa = PBXNativeTarget;
			buildConfigurationList = D594B16D2B88D64C00C11067 /* Build configuration list for PBXNativeTarget "BeyondsApp" */;
			buildPhases = (
				D594B15B2B88D64900C11067 /* Sources */,
				D594B15C2B88D64900C11067 /* Frameworks */,
				D594B15D2B88D64900C11067 /* Resources */,
			);
			buildRules = (
			);
			dependencies = (
			);
			name = BeyondsApp;
			productName = BeyondsApp;
			productReference = D594B15F2B88D64900C11067 /* BeyondsApp.app */;
			productType = "com.apple.product-type.application";
		};
/* End PBXNativeTarget section */

/* Begin PBXProject section */
		D594B1572B88D64900C11067 /* Project object */ = {
			isa = PBXProject;
			attributes = {
				BuildIndependentTargetsInParallel = 1;
				LastSwiftUpdateCheck = 1500;
				LastUpgradeCheck = 1500;
				TargetAttributes = {
					D594B15E2B88D64900C11067 = {
						CreatedOnToolsVersion = 15.0;
					};
				};
			};
			buildConfigurationList = D594B15A2B88D64900C11067 /* Build configuration list for PBXProject "BeyondsApp" */;
			compatibilityVersion = "Xcode 14.0";
			developmentRegion = en;
			hasScannedForEncodings = 0;
			knownRegions = (
				en,
				Base,
			);
			mainGroup = D594B1562B88D64900C11067;
			productRefGroup = D594B1602B88D64900C11067 /* Products */;
			projectDirPath = "";
			projectRoot = "";
			targets = (
				D594B15E2B88D64900C11067 /* BeyondsApp */,
			);
		};
/* End PBXProject section */

/* Begin PBXResourcesBuildPhase section */
		D594B15D2B88D64900C11067 /* Resources */ = {
			isa = PBXResourcesBuildPhase;
			buildActionMask = 2147483647;
			files = (
				D594B16A2B88D64C00C11067 /* Preview Assets.xcassets in Resources */,
				D594B1672B88D64C00C11067 /* Assets.xcassets in Resources */,
			);
			runOnlyForDeploymentPostprocessing = 0;
		};
/* End PBXResourcesBuildPhase section */

/* Begin PBXSourcesBuildPhase section */
		D594B15B2B88D64900C11067 /* Sources */ = {
			isa = PBXSourcesBuildPhase;
			buildActionMask = 2147483647;
			files = (
				D594B1652B88D64900C11067 /* ContentView.swift in Sources */,
				D51AC8792B8A6AD000F6D3FB /* Constants.swift in Sources */,
				D51AC8752B8A4FAB00F6D3FB /* CustomClipShape.swift in Sources */,
				D51AC8662B8A45FE00F6D3FB /* PresetsModel.swift in Sources */,
				D51AC8692B8A463200F6D3FB /* ViewExtension.swift in Sources */,
				D51AC8722B8A496800F6D3FB /* CollageSection.swift in Sources */,
				D51AC8602B8A43AA00F6D3FB /* PresetsView.swift in Sources */,
				D51AC8812B8BEB9A00F6D3FB /* ImageEditingViewModel.swift in Sources */,
				D51AC86F2B8A494000F6D3FB /* ImagePickerView.swift in Sources */,
				D51AC8772B8A4FCE00F6D3FB /* ImagePicker.swift in Sources */,
				D594B1632B88D64900C11067 /* BeyondsAppApp.swift in Sources */,
				D51AC87C2B8A725D00F6D3FB /* ImagePickerVM.swift in Sources */,
				D594B17C2B89D9C400C11067 /* Shaders.metal in Sources */,
				D51AC87F2B8A8EA900F6D3FB /* ImageEditingView.swift in Sources */,
			);
			runOnlyForDeploymentPostprocessing = 0;
		};
/* End PBXSourcesBuildPhase section */

/* Begin XCBuildConfiguration section */
		D594B16B2B88D64C00C11067 /* Debug */ = {
			isa = XCBuildConfiguration;
			buildSettings = {
				ALWAYS_SEARCH_USER_PATHS = NO;
				ASSETCATALOG_COMPILER_GENERATE_SWIFT_ASSET_SYMBOL_EXTENSIONS = YES;
				CLANG_ANALYZER_NONNULL = YES;
				CLANG_ANALYZER_NUMBER_OBJECT_CONVERSION = YES_AGGRESSIVE;
				CLANG_CXX_LANGUAGE_STANDARD = "gnu++20";
				CLANG_ENABLE_MODULES = YES;
				CLANG_ENABLE_OBJC_ARC = YES;
				CLANG_ENABLE_OBJC_WEAK = YES;
				CLANG_WARN_BLOCK_CAPTURE_AUTORELEASING = YES;
				CLANG_WARN_BOOL_CONVERSION = YES;
				CLANG_WARN_COMMA = YES;
				CLANG_WARN_CONSTANT_CONVERSION = YES;
				CLANG_WARN_DEPRECATED_OBJC_IMPLEMENTATIONS = YES;
				CLANG_WARN_DIRECT_OBJC_ISA_USAGE = YES_ERROR;
				CLANG_WARN_DOCUMENTATION_COMMENTS = YES;
				CLANG_WARN_EMPTY_BODY = YES;
				CLANG_WARN_ENUM_CONVERSION = YES;
				CLANG_WARN_INFINITE_RECURSION = YES;
				CLANG_WARN_INT_CONVERSION = YES;
				CLANG_WARN_NON_LITERAL_NULL_CONVERSION = YES;
				CLANG_WARN_OBJC_IMPLICIT_RETAIN_SELF = YES;
				CLANG_WARN_OBJC_LITERAL_CONVERSION = YES;
				CLANG_WARN_OBJC_ROOT_CLASS = YES_ERROR;
				CLANG_WARN_QUOTED_INCLUDE_IN_FRAMEWORK_HEADER = YES;
				CLANG_WARN_RANGE_LOOP_ANALYSIS = YES;
				CLANG_WARN_STRICT_PROTOTYPES = YES;
				CLANG_WARN_SUSPICIOUS_MOVE = YES;
				CLANG_WARN_UNGUARDED_AVAILABILITY = YES_AGGRESSIVE;
				CLANG_WARN_UNREACHABLE_CODE = YES;
				CLANG_WARN__DUPLICATE_METHOD_MATCH = YES;
				COPY_PHASE_STRIP = NO;
				DEBUG_INFORMATION_FORMAT = dwarf;
				ENABLE_STRICT_OBJC_MSGSEND = YES;
				ENABLE_TESTABILITY = YES;
				ENABLE_USER_SCRIPT_SANDBOXING = YES;
				GCC_C_LANGUAGE_STANDARD = gnu17;
				GCC_DYNAMIC_NO_PIC = NO;
				GCC_NO_COMMON_BLOCKS = YES;
				GCC_OPTIMIZATION_LEVEL = 0;
				GCC_PREPROCESSOR_DEFINITIONS = (
					"DEBUG=1",
					"$(inherited)",
				);
				GCC_WARN_64_TO_32_BIT_CONVERSION = YES;
				GCC_WARN_ABOUT_RETURN_TYPE = YES_ERROR;
				GCC_WARN_UNDECLARED_SELECTOR = YES;
				GCC_WARN_UNINITIALIZED_AUTOS = YES_AGGRESSIVE;
				GCC_WARN_UNUSED_FUNCTION = YES;
				GCC_WARN_UNUSED_VARIABLE = YES;
				IPHONEOS_DEPLOYMENT_TARGET = 17.0;
				LOCALIZATION_PREFERS_STRING_CATALOGS = YES;
				MTL_ENABLE_DEBUG_INFO = INCLUDE_SOURCE;
				MTL_FAST_MATH = YES;
				ONLY_ACTIVE_ARCH = YES;
				SDKROOT = iphoneos;
				SWIFT_ACTIVE_COMPILATION_CONDITIONS = "DEBUG $(inherited)";
				SWIFT_OPTIMIZATION_LEVEL = "-Onone";
			};
			name = Debug;
		};
		D594B16C2B88D64C00C11067 /* Release */ = {
			isa = XCBuildConfiguration;
			buildSettings = {
				ALWAYS_SEARCH_USER_PATHS = NO;
				ASSETCATALOG_COMPILER_GENERATE_SWIFT_ASSET_SYMBOL_EXTENSIONS = YES;
				CLANG_ANALYZER_NONNULL = YES;
				CLANG_ANALYZER_NUMBER_OBJECT_CONVERSION = YES_AGGRESSIVE;
				CLANG_CXX_LANGUAGE_STANDARD = "gnu++20";
				CLANG_ENABLE_MODULES = YES;
				CLANG_ENABLE_OBJC_ARC = YES;
				CLANG_ENABLE_OBJC_WEAK = YES;
				CLANG_WARN_BLOCK_CAPTURE_AUTORELEASING = YES;
				CLANG_WARN_BOOL_CONVERSION = YES;
				CLANG_WARN_COMMA = YES;
				CLANG_WARN_CONSTANT_CONVERSION = YES;
				CLANG_WARN_DEPRECATED_OBJC_IMPLEMENTATIONS = YES;
				CLANG_WARN_DIRECT_OBJC_ISA_USAGE = YES_ERROR;
				CLANG_WARN_DOCUMENTATION_COMMENTS = YES;
				CLANG_WARN_EMPTY_BODY = YES;
				CLANG_WARN_ENUM_CONVERSION = YES;
				CLANG_WARN_INFINITE_RECURSION = YES;
				CLANG_WARN_INT_CONVERSION = YES;
				CLANG_WARN_NON_LITERAL_NULL_CONVERSION = YES;
				CLANG_WARN_OBJC_IMPLICIT_RETAIN_SELF = YES;
				CLANG_WARN_OBJC_LITERAL_CONVERSION = YES;
				CLANG_WARN_OBJC_ROOT_CLASS = YES_ERROR;
				CLANG_WARN_QUOTED_INCLUDE_IN_FRAMEWORK_HEADER = YES;
				CLANG_WARN_RANGE_LOOP_ANALYSIS = YES;
				CLANG_WARN_STRICT_PROTOTYPES = YES;
				CLANG_WARN_SUSPICIOUS_MOVE = YES;
				CLANG_WARN_UNGUARDED_AVAILABILITY = YES_AGGRESSIVE;
				CLANG_WARN_UNREACHABLE_CODE = YES;
				CLANG_WARN__DUPLICATE_METHOD_MATCH = YES;
				COPY_PHASE_STRIP = NO;
				DEBUG_INFORMATION_FORMAT = "dwarf-with-dsym";
				ENABLE_NS_ASSERTIONS = NO;
				ENABLE_STRICT_OBJC_MSGSEND = YES;
				ENABLE_USER_SCRIPT_SANDBOXING = YES;
				GCC_C_LANGUAGE_STANDARD = gnu17;
				GCC_NO_COMMON_BLOCKS = YES;
				GCC_WARN_64_TO_32_BIT_CONVERSION = YES;
				GCC_WARN_ABOUT_RETURN_TYPE = YES_ERROR;
				GCC_WARN_UNDECLARED_SELECTOR = YES;
				GCC_WARN_UNINITIALIZED_AUTOS = YES_AGGRESSIVE;
				GCC_WARN_UNUSED_FUNCTION = YES;
				GCC_WARN_UNUSED_VARIABLE = YES;
				IPHONEOS_DEPLOYMENT_TARGET = 17.0;
				LOCALIZATION_PREFERS_STRING_CATALOGS = YES;
				MTL_ENABLE_DEBUG_INFO = NO;
				MTL_FAST_MATH = YES;
				SDKROOT = iphoneos;
				SWIFT_COMPILATION_MODE = wholemodule;
				VALIDATE_PRODUCT = YES;
			};
			name = Release;
		};
		D594B16E2B88D64C00C11067 /* Debug */ = {
			isa = XCBuildConfiguration;
			buildSettings = {
				ASSETCATALOG_COMPILER_APPICON_NAME = AppIcon;
				ASSETCATALOG_COMPILER_GLOBAL_ACCENT_COLOR_NAME = AccentColor;
				CODE_SIGN_STYLE = Automatic;
				CURRENT_PROJECT_VERSION = 1;
				DEVELOPMENT_ASSET_PATHS = "\"BeyondsApp/Preview Content\"";
				DEVELOPMENT_TEAM = N3UZ6NV4QG;
				ENABLE_PREVIEWS = YES;
				GENERATE_INFOPLIST_FILE = YES;
				INFOPLIST_KEY_NSAppleMusicUsageDescription = "App wants to access Photo library";
				INFOPLIST_KEY_NSCameraUsageDescription = "App wants to access camera";
				INFOPLIST_KEY_NSPhotoLibraryUsageDescription = "App wants to access album";
				INFOPLIST_KEY_UIApplicationSceneManifest_Generation = YES;
				INFOPLIST_KEY_UIApplicationSupportsIndirectInputEvents = YES;
				INFOPLIST_KEY_UILaunchScreen_Generation = YES;
				INFOPLIST_KEY_UISupportedInterfaceOrientations_iPad = "UIInterfaceOrientationPortrait UIInterfaceOrientationPortraitUpsideDown UIInterfaceOrientationLandscapeLeft UIInterfaceOrientationLandscapeRight";
				INFOPLIST_KEY_UISupportedInterfaceOrientations_iPhone = "UIInterfaceOrientationPortrait UIInterfaceOrientationLandscapeLeft UIInterfaceOrientationLandscapeRight";
				LD_RUNPATH_SEARCH_PATHS = (
					"$(inherited)",
					"@executable_path/Frameworks",
				);
				MARKETING_VERSION = 1.0;
				PRODUCT_BUNDLE_IDENTIFIER = thefreelancers.BeyondsApp;
				PRODUCT_NAME = "$(TARGET_NAME)";
				SWIFT_EMIT_LOC_STRINGS = YES;
				SWIFT_VERSION = 5.0;
				TARGETED_DEVICE_FAMILY = "1,2";
			};
			name = Debug;
		};
		D594B16F2B88D64C00C11067 /* Release */ = {
			isa = XCBuildConfiguration;
			buildSettings = {
				ASSETCATALOG_COMPILER_APPICON_NAME = AppIcon;
				ASSETCATALOG_COMPILER_GLOBAL_ACCENT_COLOR_NAME = AccentColor;
				CODE_SIGN_STYLE = Automatic;
				CURRENT_PROJECT_VERSION = 1;
				DEVELOPMENT_ASSET_PATHS = "\"BeyondsApp/Preview Content\"";
				DEVELOPMENT_TEAM = N3UZ6NV4QG;
				ENABLE_PREVIEWS = YES;
				GENERATE_INFOPLIST_FILE = YES;
				INFOPLIST_KEY_NSAppleMusicUsageDescription = "App wants to access Photo library";
				INFOPLIST_KEY_NSCameraUsageDescription = "App wants to access camera";
				INFOPLIST_KEY_NSPhotoLibraryUsageDescription = "App wants to access album";
				INFOPLIST_KEY_UIApplicationSceneManifest_Generation = YES;
				INFOPLIST_KEY_UIApplicationSupportsIndirectInputEvents = YES;
				INFOPLIST_KEY_UILaunchScreen_Generation = YES;
				INFOPLIST_KEY_UISupportedInterfaceOrientations_iPad = "UIInterfaceOrientationPortrait UIInterfaceOrientationPortraitUpsideDown UIInterfaceOrientationLandscapeLeft UIInterfaceOrientationLandscapeRight";
				INFOPLIST_KEY_UISupportedInterfaceOrientations_iPhone = "UIInterfaceOrientationPortrait UIInterfaceOrientationLandscapeLeft UIInterfaceOrientationLandscapeRight";
				LD_RUNPATH_SEARCH_PATHS = (
					"$(inherited)",
					"@executable_path/Frameworks",
				);
				MARKETING_VERSION = 1.0;
				PRODUCT_BUNDLE_IDENTIFIER = thefreelancers.BeyondsApp;
				PRODUCT_NAME = "$(TARGET_NAME)";
				SWIFT_EMIT_LOC_STRINGS = YES;
				SWIFT_VERSION = 5.0;
				TARGETED_DEVICE_FAMILY = "1,2";
			};
			name = Release;
		};
/* End XCBuildConfiguration section */

/* Begin XCConfigurationList section */
		D594B15A2B88D64900C11067 /* Build configuration list for PBXProject "BeyondsApp" */ = {
			isa = XCConfigurationList;
			buildConfigurations = (
				D594B16B2B88D64C00C11067 /* Debug */,
				D594B16C2B88D64C00C11067 /* Release */,
			);
			defaultConfigurationIsVisible = 0;
			defaultConfigurationName = Release;
		};
		D594B16D2B88D64C00C11067 /* Build configuration list for PBXNativeTarget "BeyondsApp" */ = {
			isa = XCConfigurationList;
			buildConfigurations = (
				D594B16E2B88D64C00C11067 /* Debug */,
				D594B16F2B88D64C00C11067 /* Release */,
			);
			defaultConfigurationIsVisible = 0;
			defaultConfigurationName = Release;
		};
/* End XCConfigurationList section */
	};
	rootObject = D594B1572B88D64900C11067 /* Project object */;
}
